{
  "lockfileVersion": 1,
  "workspaces": {
    "": {
      "name": "mements-serve",
      "dependencies": {
        "bun-plugin-tailwind": "^0.0.15",
      },
      "devDependencies": {
        "@types/bun": "latest",
      },
      "peerDependencies": {
        "bun": ">=1.0.0",
        "typescript": "^5",
      },
    },
  },
  "packages": {
    "@oven/bun-darwin-aarch64": ["@oven/bun-darwin-aarch64@1.2.11", "", { "os": "darwin", "cpu": "arm64" }, "sha512-LN7gshxqEHJ1LA0B43Z56Ts3LxRjp2LrIz45FIgeKWE81PYglR9NMNou90gFuYlUtMyarSk6MV9Jdvo2kFnn8Q=="],

    "@oven/bun-darwin-x64": ["@oven/bun-darwin-x64@1.2.11", "", { "os": "darwin", "cpu": "x64" }, "sha512-AmmlGdQmzORFeUZRa2Ki9UWYTt5ZGUwTp0z+H0uR4bYHy7sQhpDbNKtZcfKKuLRQ6P23DKc3Lpo+yhR0cg7prg=="],

    "@oven/bun-darwin-x64-baseline": ["@oven/bun-darwin-x64-baseline@1.2.11", "", { "os": "darwin", "cpu": "x64" }, "sha512-ksZJzq0Id3YsGcs++QnL1oGYjqY5XNihR0MscZ+M4YYruvVKHKim9Aql46+TI55YmKD810HVpeLolIeeTl2JUg=="],

    "@oven/bun-linux-aarch64": ["@oven/bun-linux-aarch64@1.2.11", "", { "os": "linux", "cpu": "arm64" }, "sha512-jNQ5F6o9qC/KNhBnyxnjVRfiTxZB7thvZ7T+oPZSNh1IV8UWDunEGmUdOqSqoPsigpXHRjbV3DKJKN+YaPQCCA=="],

    "@oven/bun-linux-aarch64-musl": ["@oven/bun-linux-aarch64-musl@1.2.11", "", { "os": "linux", "cpu": "none" }, "sha512-A/h7WxC2GbNus8fupz5EHsD8YugG19uW9GQWDf4tk0YWYuSaUOCP14JYbXbiJ48OFELWNchEc/2azajH+votbA=="],

    "@oven/bun-linux-x64": ["@oven/bun-linux-x64@1.2.11", "", { "os": "linux", "cpu": "x64" }, "sha512-6pH556SgOR2UOgWQfEiYI3DWgkm7T+L9fmBe2dfEYrKCEu/TbXZXOJeMi943NSMIiT3q2gVwlCEdoxZwedQs4A=="],

    "@oven/bun-linux-x64-baseline": ["@oven/bun-linux-x64-baseline@1.2.11", "", { "os": "linux", "cpu": "x64" }, "sha512-xswex8EPmzX8BqbNXpiwgrpDkaD/FMIaxD85EIBaaksi6I8nln2kzEmlO/uVhbFAn9PPWydi3Q+FCcNnJGRazQ=="],

    "@oven/bun-linux-x64-musl": ["@oven/bun-linux-x64-musl@1.2.11", "", { "os": "linux", "cpu": "x64" }, "sha512-yF1Urgsy8xkQu8iAd03ORxuZ/DWrNPCST2r1EVIwjHuzpZ3o2odKjnE9Hnwsq+wcWdCRsakqL/muILB/9aCxeQ=="],

    "@oven/bun-linux-x64-musl-baseline": ["@oven/bun-linux-x64-musl-baseline@1.2.11", "", { "os": "linux", "cpu": "x64" }, "sha512-YYglLgFkHwNMjECCyM/kZDUZa6UW3ssVtg5k6+8QU1Rp5cPF+0SBlGGTr5ho2lFkNn/ylKmwyuqE1tB45zgVvA=="],

    "@oven/bun-windows-x64": ["@oven/bun-windows-x64@1.2.11", "", { "os": "win32", "cpu": "x64" }, "sha512-5mGVsGSS8JWBq8IHXGvFJ7rlET4XCUdDTKEaLLq3O1YaqyZZiPMQFnU70MfkpjPe4stRDZ+/NWBRNDMaNTYQxw=="],

    "@oven/bun-windows-x64-baseline": ["@oven/bun-windows-x64-baseline@1.2.11", "", { "os": "win32", "cpu": "x64" }, "sha512-uzappBblyA3GlX0PDENU1HTPZR82tzPuNd5jumTiDQ22FZmc2ZqCYTIZ/ngwHKOHDD6Rxdsux8+9EXgVS51G2w=="],

    "@types/bun": ["@types/bun@1.2.5", "", { "dependencies": { "bun-types": "1.2.5" } }, "sha512-w2OZTzrZTVtbnJew1pdFmgV99H0/L+Pvw+z1P67HaR18MHOzYnTYOi6qzErhK8HyT+DB782ADVPPE92Xu2/Opg=="],

    "@types/node": ["@types/node@22.13.10", "", { "dependencies": { "undici-types": "~6.20.0" } }, "sha512-I6LPUvlRH+O6VRUqYOcMudhaIdUVWfsjnZavnsraHvpBwaEyMN29ry+0UVJhImYL16xsscu0aske3yA+uPOWfw=="],

    "@types/ws": ["@types/ws@8.5.14", "", { "dependencies": { "@types/node": "*" } }, "sha512-bd/YFLW+URhBzMXurx7lWByOu+xzU9+kb3RboOteXYDfW+tr+JZa99OyNmPINEGB/ahzKrEuc8rcv4gnpJmxTw=="],

    "bun": ["bun@1.2.11", "", { "optionalDependencies": { "@oven/bun-darwin-aarch64": "1.2.11", "@oven/bun-darwin-x64": "1.2.11", "@oven/bun-darwin-x64-baseline": "1.2.11", "@oven/bun-linux-aarch64": "1.2.11", "@oven/bun-linux-aarch64-musl": "1.2.11", "@oven/bun-linux-x64": "1.2.11", "@oven/bun-linux-x64-baseline": "1.2.11", "@oven/bun-linux-x64-musl": "1.2.11", "@oven/bun-linux-x64-musl-baseline": "1.2.11", "@oven/bun-windows-x64": "1.2.11", "@oven/bun-windows-x64-baseline": "1.2.11" }, "os": [ "linux", "win32", "darwin", ], "cpu": [ "x64", "arm64", ], "bin": { "bun": "bin/bun.exe", "bunx": "bin/bun.exe" } }, "sha512-9brVfsp6/TYVsE3lCl1MUxoyKhvljqyL1MNPErgwsOaS9g4Gzi2nY+W5WtRAXGzLrgz5jzsoGHHwyH/rTeRCIg=="],

    "bun-plugin-tailwind": ["bun-plugin-tailwind@0.0.15", "", { "peerDependencies": { "typescript": "^5.0.0" } }, "sha512-qtAXMNGG4R0UGGI8zWrqm2B7BdXqx48vunJXBPzfDOHPA5WkRUZdTSbE7TFwO4jLhYqSE23YMWsM9NhE6ovobw=="],

    "bun-types": ["bun-types@1.2.5", "", { "dependencies": { "@types/node": "*", "@types/ws": "~8.5.10" } }, "sha512-3oO6LVGGRRKI4kHINx5PIdIgnLRb7l/SprhzqXapmoYkFl5m4j6EvALvbDVuuBFaamB46Ap6HCUxIXNLCGy+tg=="],

    "typescript": ["typescript@5.8.2", "", { "bin": { "tsc": "bin/tsc", "tsserver": "bin/tsserver" } }, "sha512-aJn6wq13/afZp/jT9QZmwEjDqqvSGp1VT5GVg+f/t6/oVyrgXM6BY1h9BRh/O5p3PlUPAe+WuiEZOmb/49RqoQ=="],

    "undici-types": ["undici-types@6.20.0", "", {}, "sha512-Ny6QZ2Nju20vw1SRHe3d9jVu6gJ+4e3+MMpqu7pqE5HT6WsTSlce++GQmK5UXS8mzV8DSYHrQH+Xrf2jVcuKNg=="],
  }
}
